
Microsoft Visual Studio Solution File, Format Version 12.00
# Visual Studio Version 17
VisualStudioVersion = 17.0.31903.59
MinimumVisualStudioVersion = 10.0.40219.1
Project("{2150E333-8FDC-42A3-9474-1A3956D46DE8}") = "src", "src", "{827E0CD3-B72D-47B6-A68D-7590B98EB39B}"
EndProject
Project("{FAE04EC0-301F-11D3-BF4B-00C04F79EFBC}") = "UmobQuiz.Shared", "src\UmobQuiz.Shared\UmobQuiz.Shared.csproj", "{A984D824-13E1-4BB9-948C-D38C99BFF4DE}"
EndProject
Project("{FAE04EC0-301F-11D3-BF4B-00C04F79EFBC}") = "UmobQuiz.Api", "src\UmobQuiz.Api\UmobQuiz.Api.csproj", "{00F38FFB-7033-4395-BAF8-01557D62C10F}"
EndProject
Project("{FAE04EC0-301F-11D3-BF4B-00C04F79EFBC}") = "UmobQuiz.Client", "src\UmobQuiz.Client\UmobQuiz.Client.csproj", "{42E8A1CB-E3C8-48DB-A6CA-76215EB7A2A4}"
EndProject
Project("{2150E333-8FDC-42A3-9474-1A3956D46DE8}") = "tests", "tests", "{0AB3BF05-4346-4AA6-1389-037BE0695223}"
EndProject
Project("{FAE04EC0-301F-11D3-BF4B-00C04F79EFBC}") = "UmobQuiz.Tests", "tests\UmobQuiz.Tests\UmobQuiz.Tests.csproj", "{FAC1DF8A-FD7E-4D08-BFA7-11E71FED7D05}"
EndProject
Global
	GlobalSection(SolutionConfigurationPlatforms) = preSolution
		Debug|Any CPU = Debug|Any CPU
		Debug|x64 = Debug|x64
		Debug|x86 = Debug|x86
		Release|Any CPU = Release|Any CPU
		Release|x64 = Release|x64
		Release|x86 = Release|x86
	EndGlobalSection
	GlobalSection(ProjectConfigurationPlatforms) = postSolution
		{A984D824-13E1-4BB9-948C-D38C99BFF4DE}.Debug|Any CPU.ActiveCfg = Debug|Any CPU
		{A984D824-13E1-4BB9-948C-D38C99BFF4DE}.Debug|Any CPU.Build.0 = Debug|Any CPU
		{A984D824-13E1-4BB9-948C-D38C99BFF4DE}.Debug|x64.ActiveCfg = Debug|Any CPU
		{A984D824-13E1-4BB9-948C-D38C99BFF4DE}.Debug|x64.Build.0 = Debug|Any CPU
		{A984D824-13E1-4BB9-948C-D38C99BFF4DE}.Debug|x86.ActiveCfg = Debug|Any CPU
		{A984D824-13E1-4BB9-948C-D38C99BFF4DE}.Debug|x86.Build.0 = Debug|Any CPU
		{A984D824-13E1-4BB9-948C-D38C99BFF4DE}.Release|Any CPU.ActiveCfg = Release|Any CPU
		{A984D824-13E1-4BB9-948C-D38C99BFF4DE}.Release|Any CPU.Build.0 = Release|Any CPU
		{A984D824-13E1-4BB9-948C-D38C99BFF4DE}.Release|x64.ActiveCfg = Release|Any CPU
		{A984D824-13E1-4BB9-948C-D38C99BFF4DE}.Release|x64.Build.0 = Release|Any CPU
		{A984D824-13E1-4BB9-948C-D38C99BFF4DE}.Release|x86.ActiveCfg = Release|Any CPU
		{A984D824-13E1-4BB9-948C-D38C99BFF4DE}.Release|x86.Build.0 = Release|Any CPU
		{00F38FFB-7033-4395-BAF8-01557D62C10F}.Debug|Any CPU.ActiveCfg = Debug|Any CPU
		{00F38FFB-7033-4395-BAF8-01557D62C10F}.Debug|Any CPU.Build.0 = Debug|Any CPU
		{00F38FFB-7033-4395-BAF8-01557D62C10F}.Debug|x64.ActiveCfg = Debug|Any CPU
		{00F38FFB-7033-4395-BAF8-01557D62C10F}.Debug|x64.Build.0 = Debug|Any CPU
		{00F38FFB-7033-4395-BAF8-01557D62C10F}.Debug|x86.ActiveCfg = Debug|Any CPU
		{00F38FFB-7033-4395-BAF8-01557D62C10F}.Debug|x86.Build.0 = Debug|Any CPU
		{00F38FFB-7033-4395-BAF8-01557D62C10F}.Release|Any CPU.ActiveCfg = Release|Any CPU
		{00F38FFB-7033-4395-BAF8-01557D62C10F}.Release|Any CPU.Build.0 = Release|Any CPU
		{00F38FFB-7033-4395-BAF8-01557D62C10F}.Release|x64.ActiveCfg = Release|Any CPU
		{00F38FFB-7033-4395-BAF8-01557D62C10F}.Release|x64.Build.0 = Release|Any CPU
		{00F38FFB-7033-4395-BAF8-01557D62C10F}.Release|x86.ActiveCfg = Release|Any CPU
		{00F38FFB-7033-4395-BAF8-01557D62C10F}.Release|x86.Build.0 = Release|Any CPU
		{42E8A1CB-E3C8-48DB-A6CA-76215EB7A2A4}.Debug|Any CPU.ActiveCfg = Debug|Any CPU
		{42E8A1CB-E3C8-48DB-A6CA-76215EB7A2A4}.Debug|Any CPU.Build.0 = Debug|Any CPU
		{42E8A1CB-E3C8-48DB-A6CA-76215EB7A2A4}.Debug|x64.ActiveCfg = Debug|Any CPU
		{42E8A1CB-E3C8-48DB-A6CA-76215EB7A2A4}.Debug|x64.Build.0 = Debug|Any CPU
		{42E8A1CB-E3C8-48DB-A6CA-76215EB7A2A4}.Debug|x86.ActiveCfg = Debug|Any CPU
		{42E8A1CB-E3C8-48DB-A6CA-76215EB7A2A4}.Debug|x86.Build.0 = Debug|Any CPU
		{42E8A1CB-E3C8-48DB-A6CA-76215EB7A2A4}.Release|Any CPU.ActiveCfg = Release|Any CPU
		{42E8A1CB-E3C8-48DB-A6CA-76215EB7A2A4}.Release|Any CPU.Build.0 = Release|Any CPU
		{42E8A1CB-E3C8-48DB-A6CA-76215EB7A2A4}.Release|x64.ActiveCfg = Release|Any CPU
		{42E8A1CB-E3C8-48DB-A6CA-76215EB7A2A4}.Release|x64.Build.0 = Release|Any CPU
		{42E8A1CB-E3C8-48DB-A6CA-76215EB7A2A4}.Release|x86.ActiveCfg = Release|Any CPU
		{42E8A1CB-E3C8-48DB-A6CA-76215EB7A2A4}.Release|x86.Build.0 = Release|Any CPU
		{FAC1DF8A-FD7E-4D08-BFA7-11E71FED7D05}.Debug|Any CPU.ActiveCfg = Debug|Any CPU
		{FAC1DF8A-FD7E-4D08-BFA7-11E71FED7D05}.Debug|Any CPU.Build.0 = Debug|Any CPU
		{FAC1DF8A-FD7E-4D08-BFA7-11E71FED7D05}.Debug|x64.ActiveCfg = Debug|Any CPU
		{FAC1DF8A-FD7E-4D08-BFA7-11E71FED7D05}.Debug|x64.Build.0 = Debug|Any CPU
		{FAC1DF8A-FD7E-4D08-BFA7-11E71FED7D05}.Debug|x86.ActiveCfg = Debug|Any CPU
		{FAC1DF8A-FD7E-4D08-BFA7-11E71FED7D05}.Debug|x86.Build.0 = Debug|Any CPU
		{FAC1DF8A-FD7E-4D08-BFA7-11E71FED7D05}.Release|Any CPU.ActiveCfg = Release|Any CPU
		{FAC1DF8A-FD7E-4D08-BFA7-11E71FED7D05}.Release|Any CPU.Build.0 = Release|Any CPU
		{FAC1DF8A-FD7E-4D08-BFA7-11E71FED7D05}.Release|x64.ActiveCfg = Release|Any CPU
		{FAC1DF8A-FD7E-4D08-BFA7-11E71FED7D05}.Release|x64.Build.0 = Release|Any CPU
		{FAC1DF8A-FD7E-4D08-BFA7-11E71FED7D05}.Release|x86.ActiveCfg = Release|Any CPU
		{FAC1DF8A-FD7E-4D08-BFA7-11E71FED7D05}.Release|x86.Build.0 = Release|Any CPU
	EndGlobalSection
	GlobalSection(SolutionProperties) = preSolution
		HideSolutionNode = FALSE
	EndGlobalSection
	GlobalSection(NestedProjects) = preSolution
		{A984D824-13E1-4BB9-948C-D38C99BFF4DE} = {827E0CD3-B72D-47B6-A68D-7590B98EB39B}
		{00F38FFB-7033-4395-BAF8-01557D62C10F} = {827E0CD3-B72D-47B6-A68D-7590B98EB39B}
		{42E8A1CB-E3C8-48DB-A6CA-76215EB7A2A4} = {827E0CD3-B72D-47B6-A68D-7590B98EB39B}
		{FAC1DF8A-FD7E-4D08-BFA7-11E71FED7D05} = {0AB3BF05-4346-4AA6-1389-037BE0695223}
	EndGlobalSection
EndGlobal
